
Microsoft Visual Studio Solution File, Format Version 12.00
# Visual Studio Version 17
VisualStudioVersion = 17.2.32616.157
MinimumVisualStudioVersion = 10.0.40219.1
Project("{9A19103F-16F7-4668-BE54-9A1E7A4F7556}") = "SAMPLE_for_NC_2208", "SAMPLE_for_NC_2208\SAMPLE_for_NC_2208.csproj", "{05FC9064-7430-4DA8-A8EB-0B9FF295D6AA}"
EndProject
Global
	GlobalSection(SolutionConfigurationPlatforms) = preSolution
		Debug|Any CPU = Debug|Any CPU
		Release|Any CPU = Release|Any CPU
	EndGlobalSection
	GlobalSection(ProjectConfigurationPlatforms) = postSolution
		{05FC9064-7430-4DA8-A8EB-0B9FF295D6AA}.Debug|Any CPU.ActiveCfg = Debug|Any CPU
		{05FC9064-7430-4DA8-A8EB-0B9FF295D6AA}.Debug|Any CPU.Build.0 = Debug|Any CPU
		{05FC9064-7430-4DA8-A8EB-0B9FF295D6AA}.Release|Any CPU.ActiveCfg = Release|Any CPU
		{05FC9064-7430-4DA8-A8EB-0B9FF295D6AA}.Release|Any CPU.Build.0 = Release|Any CPU
	EndGlobalSection
	GlobalSection(SolutionProperties) = preSolution
		HideSolutionNode = FALSE
	EndGlobalSection
	GlobalSection(ExtensibilityGlobals) = postSolution
		SolutionGuid = {2A548977-DCC1-4062-AFB7-A5A1A1ACED82}
	EndGlobalSection
EndGlobal
